
Microsoft Visual Studio Solution File, Format Version 12.00
Project("{FAE04EC0-301F-11D3-BF4B-00C04F79EFBC}") = "CSharpProject", "CSharpProject\CSharpProject.csproj", "{6ECBEEFA-D629-4BD0-A81A-8E8CC8E48A9F}"
EndProject
Global
	GlobalSection(SolutionConfigurationPlatforms) = preSolution
		Debug|Any CPU = Debug|Any CPU
		Release|Any CPU = Release|Any CPU
	EndGlobalSection
	GlobalSection(ProjectConfigurationPlatforms) = postSolution
		{6ECBEEFA-D629-4BD0-A81A-8E8CC8E48A9F}.Debug|Any CPU.ActiveCfg = Debug|Any CPU
		{6ECBEEFA-D629-4BD0-A81A-8E8CC8E48A9F}.Debug|Any CPU.Build.0 = Debug|Any CPU
		{6ECBEEFA-D629-4BD0-A81A-8E8CC8E48A9F}.Release|Any CPU.ActiveCfg = Release|Any CPU
		{6ECBEEFA-D629-4BD0-A81A-8E8CC8E48A9F}.Release|Any CPU.Build.0 = Release|Any CPU
	EndGlobalSection
EndGlobal
